
Microsoft Visual Studio Solution File, Format Version 12.00
# Visual Studio Version 17
VisualStudioVersion = 17.10.35013.160
MinimumVisualStudioVersion = 10.0.40219.1
Project("{2150E333-8FDC-42A3-9474-1A3956D46DE8}") = "src", "src", "{C671F021-5537-4FF6-B4DB-BFC08D0CC102}"
EndProject
Project("{2150E333-8FDC-42A3-9474-1A3956D46DE8}") = "test", "test", "{54C890F5-743E-4B90-B140-30020DAC18FD}"
EndProject
Project("{2150E333-8FDC-42A3-9474-1A3956D46DE8}") = "APIs", "APIs", "{7597604C-8162-42D8-B83A-D774E41C6BF6}"
EndProject
Project("{2150E333-8FDC-42A3-9474-1A3956D46DE8}") = "Core", "Core", "{36FB5549-08AF-4A17-BA01-AE261AB0CD2D}"
EndProject
Project("{2150E333-8FDC-42A3-9474-1A3956D46DE8}") = "Infrastructure", "Infrastructure", "{62FEF0E9-150E-4D2D-A618-4D213B1704E7}"
EndProject
Project("{2150E333-8FDC-42A3-9474-1A3956D46DE8}") = "UI", "UI", "{E2AB1B5B-F8DB-49C5-B5D1-F3782FD6314F}"
EndProject
Project("{2150E333-8FDC-42A3-9474-1A3956D46DE8}") = "Dashboard", "Dashboard", "{EB8B2EC8-9C25-4A67-92D1-75D742F048DD}"
EndProject
Project("{9A19103F-16F7-4668-BE54-9A1E7A4F7556}") = "Route.Talabat.APIs", "Route.Talabat.APIs\Route.Talabat.APIs.csproj", "{76F0D187-5A80-4693-985D-9E68C6A31DC6}"
EndProject
Project("{9A19103F-16F7-4668-BE54-9A1E7A4F7556}") = "Route.Talabat.Core.Domain", "Route.Talabat.Core.Domain\Route.Talabat.Core.Domain.csproj", "{E1732569-0222-4D4C-987E-C07CDEC8188A}"
EndProject
Project("{9A19103F-16F7-4668-BE54-9A1E7A4F7556}") = "Route.Talabat.Core.Application", "Route.Talabat.Core.Application\Route.Talabat.Core.Application.csproj", "{05542D47-3771-4A2F-98EA-6F5F915A8233}"
EndProject
Project("{9A19103F-16F7-4668-BE54-9A1E7A4F7556}") = "Route.Talabat.Application.Abstraction", "Route.Talabat.Application.Abstraction\Route.Talabat.Application.Abstraction.csproj", "{B180F67B-1A0D-423E-BD99-06C00EDCF502}"
EndProject
Project("{9A19103F-16F7-4668-BE54-9A1E7A4F7556}") = "Route.Talabat.Infrastructure", "Route.Talabat.Infrastructure\Route.Talabat.Infrastructure.csproj", "{7E60E8E2-08B5-42EE-87A7-04C6BDF42D43}"
EndProject
Project("{9A19103F-16F7-4668-BE54-9A1E7A4F7556}") = "Route.Talabat.Infrastructure.Persistance", "Route.Talabat.Infrastructure.Persistance\Route.Talabat.Infrastructure.Persistance.csproj", "{0166BA5C-69D0-43D7-BA89-40528A879C41}"
EndProject
Project("{9A19103F-16F7-4668-BE54-9A1E7A4F7556}") = "Route.Talabat.Dashboard", "Route.Talabat.Dashboard\Route.Talabat.Dashboard.csproj", "{9703F0E2-FCF2-45F8-8973-E8522CDD6DDF}"
EndProject
Project("{9A19103F-16F7-4668-BE54-9A1E7A4F7556}") = "Route.Talabat.Controllers", "Route.Talabat.Controllers\Route.Talabat.Controllers.csproj", "{BE1A6145-DF84-488D-AC06-42D765F7C43C}"
EndProject
Project("{2150E333-8FDC-42A3-9474-1A3956D46DE8}") = "Shared", "Shared", "{9DFB2A42-14A7-422E-BAEF-349BF221025D}"
EndProject
Project("{9A19103F-16F7-4668-BE54-9A1E7A4F7556}") = "Route.Talabat.Shared", "Route.Talabat.Shared\Route.Talabat.Shared.csproj", "{B265B0E0-D98A-4482-B34C-D8DEA3D333F7}"
EndProject
Global
	GlobalSection(SolutionConfigurationPlatforms) = preSolution
		Debug|Any CPU = Debug|Any CPU
		Release|Any CPU = Release|Any CPU
	EndGlobalSection
	GlobalSection(ProjectConfigurationPlatforms) = postSolution
		{76F0D187-5A80-4693-985D-9E68C6A31DC6}.Debug|Any CPU.ActiveCfg = Debug|Any CPU
		{76F0D187-5A80-4693-985D-9E68C6A31DC6}.Debug|Any CPU.Build.0 = Debug|Any CPU
		{76F0D187-5A80-4693-985D-9E68C6A31DC6}.Release|Any CPU.ActiveCfg = Release|Any CPU
		{76F0D187-5A80-4693-985D-9E68C6A31DC6}.Release|Any CPU.Build.0 = Release|Any CPU
		{E1732569-0222-4D4C-987E-C07CDEC8188A}.Debug|Any CPU.ActiveCfg = Debug|Any CPU
		{E1732569-0222-4D4C-987E-C07CDEC8188A}.Debug|Any CPU.Build.0 = Debug|Any CPU
		{E1732569-0222-4D4C-987E-C07CDEC8188A}.Release|Any CPU.ActiveCfg = Release|Any CPU
		{E1732569-0222-4D4C-987E-C07CDEC8188A}.Release|Any CPU.Build.0 = Release|Any CPU
		{05542D47-3771-4A2F-98EA-6F5F915A8233}.Debug|Any CPU.ActiveCfg = Debug|Any CPU
		{05542D47-3771-4A2F-98EA-6F5F915A8233}.Debug|Any CPU.Build.0 = Debug|Any CPU
		{05542D47-3771-4A2F-98EA-6F5F915A8233}.Release|Any CPU.ActiveCfg = Release|Any CPU
		{05542D47-3771-4A2F-98EA-6F5F915A8233}.Release|Any CPU.Build.0 = Release|Any CPU
		{B180F67B-1A0D-423E-BD99-06C00EDCF502}.Debug|Any CPU.ActiveCfg = Debug|Any CPU
		{B180F67B-1A0D-423E-BD99-06C00EDCF502}.Debug|Any CPU.Build.0 = Debug|Any CPU
		{B180F67B-1A0D-423E-BD99-06C00EDCF502}.Release|Any CPU.ActiveCfg = Release|Any CPU
		{B180F67B-1A0D-423E-BD99-06C00EDCF502}.Release|Any CPU.Build.0 = Release|Any CPU
		{7E60E8E2-08B5-42EE-87A7-04C6BDF42D43}.Debug|Any CPU.ActiveCfg = Debug|Any CPU
		{7E60E8E2-08B5-42EE-87A7-04C6BDF42D43}.Debug|Any CPU.Build.0 = Debug|Any CPU
		{7E60E8E2-08B5-42EE-87A7-04C6BDF42D43}.Release|Any CPU.ActiveCfg = Release|Any CPU
		{7E60E8E2-08B5-42EE-87A7-04C6BDF42D43}.Release|Any CPU.Build.0 = Release|Any CPU
		{0166BA5C-69D0-43D7-BA89-40528A879C41}.Debug|Any CPU.ActiveCfg = Debug|Any CPU
		{0166BA5C-69D0-43D7-BA89-40528A879C41}.Debug|Any CPU.Build.0 = Debug|Any CPU
		{0166BA5C-69D0-43D7-BA89-40528A879C41}.Release|Any CPU.ActiveCfg = Release|Any CPU
		{0166BA5C-69D0-43D7-BA89-40528A879C41}.Release|Any CPU.Build.0 = Release|Any CPU
		{9703F0E2-FCF2-45F8-8973-E8522CDD6DDF}.Debug|Any CPU.ActiveCfg = Debug|Any CPU
		{9703F0E2-FCF2-45F8-8973-E8522CDD6DDF}.Debug|Any CPU.Build.0 = Debug|Any CPU
		{9703F0E2-FCF2-45F8-8973-E8522CDD6DDF}.Release|Any CPU.ActiveCfg = Release|Any CPU
		{9703F0E2-FCF2-45F8-8973-E8522CDD6DDF}.Release|Any CPU.Build.0 = Release|Any CPU
		{BE1A6145-DF84-488D-AC06-42D765F7C43C}.Debug|Any CPU.ActiveCfg = Debug|Any CPU
		{BE1A6145-DF84-488D-AC06-42D765F7C43C}.Debug|Any CPU.Build.0 = Debug|Any CPU
		{BE1A6145-DF84-488D-AC06-42D765F7C43C}.Release|Any CPU.ActiveCfg = Release|Any CPU
		{BE1A6145-DF84-488D-AC06-42D765F7C43C}.Release|Any CPU.Build.0 = Release|Any CPU
		{B265B0E0-D98A-4482-B34C-D8DEA3D333F7}.Debug|Any CPU.ActiveCfg = Debug|Any CPU
		{B265B0E0-D98A-4482-B34C-D8DEA3D333F7}.Debug|Any CPU.Build.0 = Debug|Any CPU
		{B265B0E0-D98A-4482-B34C-D8DEA3D333F7}.Release|Any CPU.ActiveCfg = Release|Any CPU
		{B265B0E0-D98A-4482-B34C-D8DEA3D333F7}.Release|Any CPU.Build.0 = Release|Any CPU
	EndGlobalSection
	GlobalSection(SolutionProperties) = preSolution
		HideSolutionNode = FALSE
	EndGlobalSection
	GlobalSection(NestedProjects) = preSolution
		{7597604C-8162-42D8-B83A-D774E41C6BF6} = {C671F021-5537-4FF6-B4DB-BFC08D0CC102}
		{36FB5549-08AF-4A17-BA01-AE261AB0CD2D} = {C671F021-5537-4FF6-B4DB-BFC08D0CC102}
		{62FEF0E9-150E-4D2D-A618-4D213B1704E7} = {C671F021-5537-4FF6-B4DB-BFC08D0CC102}
		{E2AB1B5B-F8DB-49C5-B5D1-F3782FD6314F} = {C671F021-5537-4FF6-B4DB-BFC08D0CC102}
		{EB8B2EC8-9C25-4A67-92D1-75D742F048DD} = {E2AB1B5B-F8DB-49C5-B5D1-F3782FD6314F}
		{76F0D187-5A80-4693-985D-9E68C6A31DC6} = {7597604C-8162-42D8-B83A-D774E41C6BF6}
		{E1732569-0222-4D4C-987E-C07CDEC8188A} = {36FB5549-08AF-4A17-BA01-AE261AB0CD2D}
		{05542D47-3771-4A2F-98EA-6F5F915A8233} = {36FB5549-08AF-4A17-BA01-AE261AB0CD2D}
		{B180F67B-1A0D-423E-BD99-06C00EDCF502} = {36FB5549-08AF-4A17-BA01-AE261AB0CD2D}
		{7E60E8E2-08B5-42EE-87A7-04C6BDF42D43} = {62FEF0E9-150E-4D2D-A618-4D213B1704E7}
		{0166BA5C-69D0-43D7-BA89-40528A879C41} = {62FEF0E9-150E-4D2D-A618-4D213B1704E7}
		{9703F0E2-FCF2-45F8-8973-E8522CDD6DDF} = {EB8B2EC8-9C25-4A67-92D1-75D742F048DD}
		{BE1A6145-DF84-488D-AC06-42D765F7C43C} = {7597604C-8162-42D8-B83A-D774E41C6BF6}
		{9DFB2A42-14A7-422E-BAEF-349BF221025D} = {C671F021-5537-4FF6-B4DB-BFC08D0CC102}
		{B265B0E0-D98A-4482-B34C-D8DEA3D333F7} = {9DFB2A42-14A7-422E-BAEF-349BF221025D}
	EndGlobalSection
	GlobalSection(ExtensibilityGlobals) = postSolution
		SolutionGuid = {4212AA2A-5C94-43C1-A948-3BEDF42166ED}
	EndGlobalSection
EndGlobal
